
Microsoft Visual Studio Solution File, Format Version 12.00
# Visual Studio Version 17
VisualStudioVersion = 17.0.32126.317
MinimumVisualStudioVersion = 10.0.40219.1
Project("{FAE04EC0-301F-11D3-BF4B-00C04F79EFBC}") = "CoffeeShop_GUI", "CoffeeShop_GUI\CoffeeShop_GUI.csproj", "{BBDFDE76-03FF-4743-B0C0-1D54BA03BF5D}"
EndProject
Global
	GlobalSection(SolutionConfigurationPlatforms) = preSolution
		Debug|Any CPU = Debug|Any CPU
		Release|Any CPU = Release|Any CPU
	EndGlobalSection
	GlobalSection(ProjectConfigurationPlatforms) = postSolution
		{BBDFDE76-03FF-4743-B0C0-1D54BA03BF5D}.Debug|Any CPU.ActiveCfg = Debug|Any CPU
		{BBDFDE76-03FF-4743-B0C0-1D54BA03BF5D}.Debug|Any CPU.Build.0 = Debug|Any CPU
		{BBDFDE76-03FF-4743-B0C0-1D54BA03BF5D}.Release|Any CPU.ActiveCfg = Release|Any CPU
		{BBDFDE76-03FF-4743-B0C0-1D54BA03BF5D}.Release|Any CPU.Build.0 = Release|Any CPU
	EndGlobalSection
	GlobalSection(SolutionProperties) = preSolution
		HideSolutionNode = FALSE
	EndGlobalSection
	GlobalSection(ExtensibilityGlobals) = postSolution
		SolutionGuid = {693C5741-BCF5-4033-8E23-0371908586A5}
	EndGlobalSection
EndGlobal
